
Microsoft Visual Studio Solution File, Format Version 12.00
# Visual Studio Version 17
VisualStudioVersion = 17.14.36414.22 d17.14
MinimumVisualStudioVersion = 10.0.40219.1
Project("{FAE04EC0-301F-11D3-BF4B-00C04F79EFBC}") = "Shop.Domain", "Shop.Domain\Shop.Domain.csproj", "{7CE16947-D537-4B94-BD92-1EB104D04795}"
EndProject
Project("{FAE04EC0-301F-11D3-BF4B-00C04F79EFBC}") = "Shop.App", "Shop.App\Shop.App.csproj", "{823EE5F2-3249-4211-85D1-4FBC7092D64C}"
EndProject
Global
	GlobalSection(SolutionConfigurationPlatforms) = preSolution
		Debug|Any CPU = Debug|Any CPU
		Release|Any CPU = Release|Any CPU
	EndGlobalSection
	GlobalSection(ProjectConfigurationPlatforms) = postSolution
		{7CE16947-D537-4B94-BD92-1EB104D04795}.Debug|Any CPU.ActiveCfg = Debug|Any CPU
		{7CE16947-D537-4B94-BD92-1EB104D04795}.Debug|Any CPU.Build.0 = Debug|Any CPU
		{7CE16947-D537-4B94-BD92-1EB104D04795}.Release|Any CPU.ActiveCfg = Release|Any CPU
		{7CE16947-D537-4B94-BD92-1EB104D04795}.Release|Any CPU.Build.0 = Release|Any CPU
		{823EE5F2-3249-4211-85D1-4FBC7092D64C}.Debug|Any CPU.ActiveCfg = Debug|Any CPU
		{823EE5F2-3249-4211-85D1-4FBC7092D64C}.Debug|Any CPU.Build.0 = Debug|Any CPU
		{823EE5F2-3249-4211-85D1-4FBC7092D64C}.Release|Any CPU.ActiveCfg = Release|Any CPU
		{823EE5F2-3249-4211-85D1-4FBC7092D64C}.Release|Any CPU.Build.0 = Release|Any CPU
	EndGlobalSection
	GlobalSection(SolutionProperties) = preSolution
		HideSolutionNode = FALSE
	EndGlobalSection
	GlobalSection(ExtensibilityGlobals) = postSolution
		SolutionGuid = {E11F2B24-5D67-41B3-AEFC-CC07AF460970}
	EndGlobalSection
EndGlobal
